
Microsoft Visual Studio Solution File, Format Version 12.00
# Visual Studio Version 16
VisualStudioVersion = 16.0.31019.35
MinimumVisualStudioVersion = 10.0.40219.1
Project("{FAE04EC0-301F-11D3-BF4B-00C04F79EFBC}") = "Parcial2", "Parcial2.csproj", "{A9596CBD-F639-4919-8E7C-48A3E3E72B98}"
EndProject
Global
	GlobalSection(SolutionConfigurationPlatforms) = preSolution
		Debug|Any CPU = Debug|Any CPU
		Release|Any CPU = Release|Any CPU
	EndGlobalSection
	GlobalSection(ProjectConfigurationPlatforms) = postSolution
		{A9596CBD-F639-4919-8E7C-48A3E3E72B98}.Debug|Any CPU.ActiveCfg = Debug|Any CPU
		{A9596CBD-F639-4919-8E7C-48A3E3E72B98}.Debug|Any CPU.Build.0 = Debug|Any CPU
		{A9596CBD-F639-4919-8E7C-48A3E3E72B98}.Release|Any CPU.ActiveCfg = Release|Any CPU
		{A9596CBD-F639-4919-8E7C-48A3E3E72B98}.Release|Any CPU.Build.0 = Release|Any CPU
	EndGlobalSection
	GlobalSection(SolutionProperties) = preSolution
		HideSolutionNode = FALSE
	EndGlobalSection
	GlobalSection(ExtensibilityGlobals) = postSolution
		SolutionGuid = {8144C7D4-EE5A-4628-BDC9-646D0CC81D1F}
	EndGlobalSection
EndGlobal
